
Microsoft Visual Studio Solution File, Format Version 12.00
# Visual Studio Version 17
VisualStudioVersion = 17.7.34031.279
MinimumVisualStudioVersion = 10.0.40219.1
Project("{FAE04EC0-301F-11D3-BF4B-00C04F79EFBC}") = "Calculator", "Calculator\Calculator.csproj", "{DD2A2E4E-9AA7-4DA4-89C1-3A2C06AF7A10}"
EndProject
Global
	GlobalSection(SolutionConfigurationPlatforms) = preSolution
		Debug|Any CPU = Debug|Any CPU
		Release|Any CPU = Release|Any CPU
	EndGlobalSection
	GlobalSection(ProjectConfigurationPlatforms) = postSolution
		{DD2A2E4E-9AA7-4DA4-89C1-3A2C06AF7A10}.Debug|Any CPU.ActiveCfg = Debug|Any CPU
		{DD2A2E4E-9AA7-4DA4-89C1-3A2C06AF7A10}.Debug|Any CPU.Build.0 = Debug|Any CPU
		{DD2A2E4E-9AA7-4DA4-89C1-3A2C06AF7A10}.Release|Any CPU.ActiveCfg = Release|Any CPU
		{DD2A2E4E-9AA7-4DA4-89C1-3A2C06AF7A10}.Release|Any CPU.Build.0 = Release|Any CPU
	EndGlobalSection
	GlobalSection(SolutionProperties) = preSolution
		HideSolutionNode = FALSE
	EndGlobalSection
	GlobalSection(ExtensibilityGlobals) = postSolution
		SolutionGuid = {EE4F9A6E-CBF0-41F8-9AFA-3C9D25BBFB9B}
	EndGlobalSection
EndGlobal
